
Microsoft Visual Studio Solution File, Format Version 12.00
# Visual Studio Version 17
VisualStudioVersion = 17.2.32519.379
MinimumVisualStudioVersion = 10.0.40219.1
Project("{9A19103F-16F7-4668-BE54-9A1E7A4F7556}") = "TabReloaderBrowserExtension", "ChromeTabReloaderExtension\TabReloaderBrowserExtension.csproj", "{5862DB45-BCC4-4180-83DB-39BA0B159C71}"
EndProject
Global
	GlobalSection(SolutionConfigurationPlatforms) = preSolution
		Debug|Any CPU = Debug|Any CPU
		Release|Any CPU = Release|Any CPU
	EndGlobalSection
	GlobalSection(ProjectConfigurationPlatforms) = postSolution
		{5862DB45-BCC4-4180-83DB-39BA0B159C71}.Debug|Any CPU.ActiveCfg = Debug|Any CPU
		{5862DB45-BCC4-4180-83DB-39BA0B159C71}.Debug|Any CPU.Build.0 = Debug|Any CPU
		{5862DB45-BCC4-4180-83DB-39BA0B159C71}.Release|Any CPU.ActiveCfg = Release|Any CPU
		{5862DB45-BCC4-4180-83DB-39BA0B159C71}.Release|Any CPU.Build.0 = Release|Any CPU
	EndGlobalSection
	GlobalSection(SolutionProperties) = preSolution
		HideSolutionNode = FALSE
	EndGlobalSection
	GlobalSection(ExtensibilityGlobals) = postSolution
		SolutionGuid = {CB3A2D17-66B5-40DC-AB94-03BBB64B9CD2}
	EndGlobalSection
EndGlobal
